// !$*UTF8*$!
{
	archiveVersion = 1;
	classes = {
	};
	objectVersion = 46;
	objects = {

/* Begin PBXBuildFile section */
		D70AB2ED188F52E400A1B512 /* Fraction.m in Sources */ = {isa = PBXBuildFile; fileRef = D70AB2EC188F52E400A1B512 /* Fraction.m */; };
		D74BCEE818901146008E19BB /* Expression.m in Sources */ = {isa = PBXBuildFile; fileRef = D74BCEE718901146008E19BB /* Expression.m */; };
		D74BCEEB189016A5008E19BB /* Common.m in Sources */ = {isa = PBXBuildFile; fileRef = D74BCEEA189016A5008E19BB /* Common.m */; };
		D74BCEEE189030B4008E19BB /* Operator.m in Sources */ = {isa = PBXBuildFile; fileRef = D74BCEED189030B4008E19BB /* Operator.m */; };
		D75BE8C91811FDB500E53949 /* Foundation.framework in Frameworks */ = {isa = PBXBuildFile; fileRef = D75BE8C81811FDB500E53949 /* Foundation.framework */; };
		D75BE8CB1811FDB500E53949 /* CoreGraphics.framework in Frameworks */ = {isa = PBXBuildFile; fileRef = D75BE8CA1811FDB500E53949 /* CoreGraphics.framework */; };
		D75BE8CD1811FDB500E53949 /* UIKit.framework in Frameworks */ = {isa = PBXBuildFile; fileRef = D75BE8CC1811FDB500E53949 /* UIKit.framework */; };
		D75BE8D31811FDB500E53949 /* InfoPlist.strings in Resources */ = {isa = PBXBuildFile; fileRef = D75BE8D11811FDB500E53949 /* InfoPlist.strings */; };
		D75BE8D51811FDB500E53949 /* main.m in Sources */ = {isa = PBXBuildFile; fileRef = D75BE8D41811FDB500E53949 /* main.m */; };
		D75BE8D91811FDB500E53949 /* AppDelegate.m in Sources */ = {isa = PBXBuildFile; fileRef = D75BE8D81811FDB500E53949 /* AppDelegate.m */; };
		D75BE8DC1811FDB500E53949 /* Main.storyboard in Resources */ = {isa = PBXBuildFile; fileRef = D75BE8DA1811FDB500E53949 /* Main.storyboard */; };
		D75BE8E11811FDB500E53949 /* Images.xcassets in Resources */ = {isa = PBXBuildFile; fileRef = D75BE8E01811FDB500E53949 /* Images.xcassets */; };
		D75BE8E81811FDB500E53949 /* XCTest.framework in Frameworks */ = {isa = PBXBuildFile; fileRef = D75BE8E71811FDB500E53949 /* XCTest.framework */; };
		D75BE8E91811FDB500E53949 /* Foundation.framework in Frameworks */ = {isa = PBXBuildFile; fileRef = D75BE8C81811FDB500E53949 /* Foundation.framework */; };
		D75BE8EA1811FDB500E53949 /* UIKit.framework in Frameworks */ = {isa = PBXBuildFile; fileRef = D75BE8CC1811FDB500E53949 /* UIKit.framework */; };
		D75BE8F21811FDB600E53949 /* InfoPlist.strings in Resources */ = {isa = PBXBuildFile; fileRef = D75BE8F01811FDB600E53949 /* InfoPlist.strings */; };
		D75BE8F41811FDB600E53949 /* CalculateTests.m in Sources */ = {isa = PBXBuildFile; fileRef = D75BE8F31811FDB600E53949 /* CalculateTests.m */; };
		D75BE8FF1811FECB00E53949 /* CalculatorViewController.m in Sources */ = {isa = PBXBuildFile; fileRef = D75BE8FE1811FECB00E53949 /* CalculatorViewController.m */; };
		D75BE9031811FF1D00E53949 /* Calculator.m in Sources */ = {isa = PBXBuildFile; fileRef = D75BE9021811FF1D00E53949 /* Calculator.m */; };
		D7CD3B1618A070EE00BD830B /* CalculatorBill.xib in Resources */ = {isa = PBXBuildFile; fileRef = D7CD3B1518A070EE00BD830B /* CalculatorBill.xib */; };
/* End PBXBuildFile section */

/* Begin PBXContainerItemProxy section */
		D75BE8EB1811FDB500E53949 /* PBXContainerItemProxy */ = {
			isa = PBXContainerItemProxy;
			containerPortal = D75BE8BD1811FDB500E53949 /* Project object */;
			proxyType = 1;
			remoteGlobalIDString = D75BE8C41811FDB500E53949;
			remoteInfo = Calculate;
		};
/* End PBXContainerItemProxy section */

/* Begin PBXFileReference section */
		D70AB2EB188F52E400A1B512 /* Fraction.h */ = {isa = PBXFileReference; fileEncoding = 4; lastKnownFileType = sourcecode.c.h; name = Fraction.h; path = Model/Fraction.h; sourceTree = "<group>"; };
		D70AB2EC188F52E400A1B512 /* Fraction.m */ = {isa = PBXFileReference; fileEncoding = 4; lastKnownFileType = sourcecode.c.objc; name = Fraction.m; path = Model/Fraction.m; sourceTree = "<group>"; };
		D721BADA18A142E100337A2D /* AppConfig.h */ = {isa = PBXFileReference; lastKnownFileType = sourcecode.c.h; path = AppConfig.h; sourceTree = "<group>"; };
		D74BCEE618901146008E19BB /* Expression.h */ = {isa = PBXFileReference; fileEncoding = 4; lastKnownFileType = sourcecode.c.h; name = Expression.h; path = Model/Expression.h; sourceTree = "<group>"; };
		D74BCEE718901146008E19BB /* Expression.m */ = {isa = PBXFileReference; fileEncoding = 4; lastKnownFileType = sourcecode.c.objc; name = Expression.m; path = Model/Expression.m; sourceTree = "<group>"; };
		D74BCEE9189016A5008E19BB /* Common.h */ = {isa = PBXFileReference; fileEncoding = 4; lastKnownFileType = sourcecode.c.h; name = Common.h; path = Model/Common.h; sourceTree = "<group>"; };
		D74BCEEA189016A5008E19BB /* Common.m */ = {isa = PBXFileReference; fileEncoding = 4; lastKnownFileType = sourcecode.c.objc; name = Common.m; path = Model/Common.m; sourceTree = "<group>"; };
		D74BCEEC189030B4008E19BB /* Operator.h */ = {isa = PBXFileReference; fileEncoding = 4; lastKnownFileType = sourcecode.c.h; name = Operator.h; path = Model/Operator.h; sourceTree = "<group>"; };
		D74BCEED189030B4008E19BB /* Operator.m */ = {isa = PBXFileReference; fileEncoding = 4; lastKnownFileType = sourcecode.c.objc; name = Operator.m; path = Model/Operator.m; sourceTree = "<group>"; };
		D75BE8C51811FDB500E53949 /* Calculate.app */ = {isa = PBXFileReference; explicitFileType = wrapper.application; includeInIndex = 0; path = Calculate.app; sourceTree = BUILT_PRODUCTS_DIR; };
		D75BE8C81811FDB500E53949 /* Foundation.framework */ = {isa = PBXFileReference; lastKnownFileType = wrapper.framework; name = Foundation.framework; path = System/Library/Frameworks/Foundation.framework; sourceTree = SDKROOT; };
		D75BE8CA1811FDB500E53949 /* CoreGraphics.framework */ = {isa = PBXFileReference; lastKnownFileType = wrapper.framework; name = CoreGraphics.framework; path = System/Library/Frameworks/CoreGraphics.framework; sourceTree = SDKROOT; };
		D75BE8CC1811FDB500E53949 /* UIKit.framework */ = {isa = PBXFileReference; lastKnownFileType = wrapper.framework; name = UIKit.framework; path = System/Library/Frameworks/UIKit.framework; sourceTree = SDKROOT; };
		D75BE8D01811FDB500E53949 /* Calculate-Info.plist */ = {isa = PBXFileReference; lastKnownFileType = text.plist.xml; path = "Calculate-Info.plist"; sourceTree = "<group>"; };
		D75BE8D21811FDB500E53949 /* en */ = {isa = PBXFileReference; lastKnownFileType = text.plist.strings; name = en; path = en.lproj/InfoPlist.strings; sourceTree = "<group>"; };
		D75BE8D41811FDB500E53949 /* main.m */ = {isa = PBXFileReference; lastKnownFileType = sourcecode.c.objc; path = main.m; sourceTree = "<group>"; };
		D75BE8D61811FDB500E53949 /* Calculate-Prefix.pch */ = {isa = PBXFileReference; lastKnownFileType = sourcecode.c.h; path = "Calculate-Prefix.pch"; sourceTree = "<group>"; };
		D75BE8D71811FDB500E53949 /* AppDelegate.h */ = {isa = PBXFileReference; lastKnownFileType = sourcecode.c.h; path = AppDelegate.h; sourceTree = "<group>"; };
		D75BE8D81811FDB500E53949 /* AppDelegate.m */ = {isa = PBXFileReference; lastKnownFileType = sourcecode.c.objc; path = AppDelegate.m; sourceTree = "<group>"; };
		D75BE8DB1811FDB500E53949 /* Base */ = {isa = PBXFileReference; lastKnownFileType = file.storyboard; name = Base; path = Base.lproj/Main.storyboard; sourceTree = "<group>"; };
		D75BE8E01811FDB500E53949 /* Images.xcassets */ = {isa = PBXFileReference; lastKnownFileType = folder.assetcatalog; path = Images.xcassets; sourceTree = "<group>"; };
		D75BE8E61811FDB500E53949 /* CalculateTests.xctest */ = {isa = PBXFileReference; explicitFileType = wrapper.cfbundle; includeInIndex = 0; path = CalculateTests.xctest; sourceTree = BUILT_PRODUCTS_DIR; };
		D75BE8E71811FDB500E53949 /* XCTest.framework */ = {isa = PBXFileReference; lastKnownFileType = wrapper.framework; name = XCTest.framework; path = Library/Frameworks/XCTest.framework; sourceTree = DEVELOPER_DIR; };
		D75BE8EF1811FDB600E53949 /* CalculateTests-Info.plist */ = {isa = PBXFileReference; lastKnownFileType = text.plist.xml; path = "CalculateTests-Info.plist"; sourceTree = "<group>"; };
		D75BE8F11811FDB600E53949 /* en */ = {isa = PBXFileReference; lastKnownFileType = text.plist.strings; name = en; path = en.lproj/InfoPlist.strings; sourceTree = "<group>"; };
		D75BE8F31811FDB600E53949 /* CalculateTests.m */ = {isa = PBXFileReference; lastKnownFileType = sourcecode.c.objc; path = CalculateTests.m; sourceTree = "<group>"; };
		D75BE8FD1811FECB00E53949 /* CalculatorViewController.h */ = {isa = PBXFileReference; fileEncoding = 4; lastKnownFileType = sourcecode.c.h; name = CalculatorViewController.h; path = Controller/CalculatorViewController.h; sourceTree = "<group>"; };
		D75BE8FE1811FECB00E53949 /* CalculatorViewController.m */ = {isa = PBXFileReference; fileEncoding = 4; lastKnownFileType = sourcecode.c.objc; name = CalculatorViewController.m; path = Controller/CalculatorViewController.m; sourceTree = "<group>"; };
		D75BE9011811FF1D00E53949 /* Calculator.h */ = {isa = PBXFileReference; fileEncoding = 4; lastKnownFileType = sourcecode.c.h; name = Calculator.h; path = Model/Calculator.h; sourceTree = "<group>"; };
		D75BE9021811FF1D00E53949 /* Calculator.m */ = {isa = PBXFileReference; fileEncoding = 4; lastKnownFileType = sourcecode.c.objc; name = Calculator.m; path = Model/Calculator.m; sourceTree = "<group>"; };
		D7CD3B1518A070EE00BD830B /* CalculatorBill.xib */ = {isa = PBXFileReference; fileEncoding = 4; lastKnownFileType = file.xib; path = CalculatorBill.xib; sourceTree = "<group>"; };
/* End PBXFileReference section */

/* Begin PBXFrameworksBuildPhase section */
		D75BE8C21811FDB500E53949 /* Frameworks */ = {
			isa = PBXFrameworksBuildPhase;
			buildActionMask = 2147483647;
			files = (
				D75BE8CB1811FDB500E53949 /* CoreGraphics.framework in Frameworks */,
				D75BE8CD1811FDB500E53949 /* UIKit.framework in Frameworks */,
				D75BE8C91811FDB500E53949 /* Foundation.framework in Frameworks */,
			);
			runOnlyForDeploymentPostprocessing = 0;
		};
		D75BE8E31811FDB500E53949 /* Frameworks */ = {
			isa = PBXFrameworksBuildPhase;
			buildActionMask = 2147483647;
			files = (
				D75BE8E81811FDB500E53949 /* XCTest.framework in Frameworks */,
				D75BE8EA1811FDB500E53949 /* UIKit.framework in Frameworks */,
				D75BE8E91811FDB500E53949 /* Foundation.framework in Frameworks */,
			);
			runOnlyForDeploymentPostprocessing = 0;
		};
/* End PBXFrameworksBuildPhase section */

/* Begin PBXGroup section */
		D75BE8BC1811FDB500E53949 = {
			isa = PBXGroup;
			children = (
				D75BE8CE1811FDB500E53949 /* Calculate */,
				D75BE8ED1811FDB500E53949 /* CalculateTests */,
				D75BE8C71811FDB500E53949 /* Frameworks */,
				D75BE8C61811FDB500E53949 /* Products */,
			);
			sourceTree = "<group>";
		};
		D75BE8C61811FDB500E53949 /* Products */ = {
			isa = PBXGroup;
			children = (
				D75BE8C51811FDB500E53949 /* Calculate.app */,
				D75BE8E61811FDB500E53949 /* CalculateTests.xctest */,
			);
			name = Products;
			sourceTree = "<group>";
		};
		D75BE8C71811FDB500E53949 /* Frameworks */ = {
			isa = PBXGroup;
			children = (
				D75BE8C81811FDB500E53949 /* Foundation.framework */,
				D75BE8CA1811FDB500E53949 /* CoreGraphics.framework */,
				D75BE8CC1811FDB500E53949 /* UIKit.framework */,
				D75BE8E71811FDB500E53949 /* XCTest.framework */,
			);
			name = Frameworks;
			sourceTree = "<group>";
		};
		D75BE8CE1811FDB500E53949 /* Calculate */ = {
			isa = PBXGroup;
			children = (
				D75BE8D71811FDB500E53949 /* AppDelegate.h */,
				D75BE8D81811FDB500E53949 /* AppDelegate.m */,
				D721BADA18A142E100337A2D /* AppConfig.h */,
				D75BE8DA1811FDB500E53949 /* Main.storyboard */,
				D75BE9041811FF2100E53949 /* Model */,
				D75BE9051811FF4F00E53949 /* View */,
				D75BE9001811FEEC00E53949 /* Controller */,
				D75BE8E01811FDB500E53949 /* Images.xcassets */,
				D75BE8CF1811FDB500E53949 /* Supporting Files */,
			);
			path = Calculate;
			sourceTree = "<group>";
		};
		D75BE8CF1811FDB500E53949 /* Supporting Files */ = {
			isa = PBXGroup;
			children = (
				D75BE8D01811FDB500E53949 /* Calculate-Info.plist */,
				D75BE8D11811FDB500E53949 /* InfoPlist.strings */,
				D75BE8D41811FDB500E53949 /* main.m */,
				D75BE8D61811FDB500E53949 /* Calculate-Prefix.pch */,
			);
			name = "Supporting Files";
			sourceTree = "<group>";
		};
		D75BE8ED1811FDB500E53949 /* CalculateTests */ = {
			isa = PBXGroup;
			children = (
				D75BE8F31811FDB600E53949 /* CalculateTests.m */,
				D75BE8EE1811FDB600E53949 /* Supporting Files */,
			);
			path = CalculateTests;
			sourceTree = "<group>";
		};
		D75BE8EE1811FDB600E53949 /* Supporting Files */ = {
			isa = PBXGroup;
			children = (
				D75BE8EF1811FDB600E53949 /* CalculateTests-Info.plist */,
				D75BE8F01811FDB600E53949 /* InfoPlist.strings */,
			);
			name = "Supporting Files";
			sourceTree = "<group>";
		};
		D75BE9001811FEEC00E53949 /* Controller */ = {
			isa = PBXGroup;
			children = (
				D75BE8FD1811FECB00E53949 /* CalculatorViewController.h */,
				D75BE8FE1811FECB00E53949 /* CalculatorViewController.m */,
			);
			name = Controller;
			sourceTree = "<group>";
		};
		D75BE9041811FF2100E53949 /* Model */ = {
			isa = PBXGroup;
			children = (
				D74BCEE9189016A5008E19BB /* Common.h */,
				D74BCEEA189016A5008E19BB /* Common.m */,
				D75BE9011811FF1D00E53949 /* Calculator.h */,
				D75BE9021811FF1D00E53949 /* Calculator.m */,
				D74BCEE618901146008E19BB /* Expression.h */,
				D74BCEE718901146008E19BB /* Expression.m */,
				D70AB2EB188F52E400A1B512 /* Fraction.h */,
				D70AB2EC188F52E400A1B512 /* Fraction.m */,
				D74BCEEC189030B4008E19BB /* Operator.h */,
				D74BCEED189030B4008E19BB /* Operator.m */,
			);
			name = Model;
			sourceTree = "<group>";
		};
		D75BE9051811FF4F00E53949 /* View */ = {
			isa = PBXGroup;
			children = (
				D7CD3B1518A070EE00BD830B /* CalculatorBill.xib */,
			);
			name = View;
			sourceTree = "<group>";
		};
/* End PBXGroup section */

/* Begin PBXNativeTarget section */
		D75BE8C41811FDB500E53949 /* Calculate */ = {
			isa = PBXNativeTarget;
			buildConfigurationList = D75BE8F71811FDB600E53949 /* Build configuration list for PBXNativeTarget "Calculate" */;
			buildPhases = (
				D75BE8C11811FDB500E53949 /* Sources */,
				D75BE8C21811FDB500E53949 /* Frameworks */,
				D75BE8C31811FDB500E53949 /* Resources */,
			);
			buildRules = (
			);
			dependencies = (
			);
			name = Calculate;
			productName = Calculate;
			productReference = D75BE8C51811FDB500E53949 /* Calculate.app */;
			productType = "com.apple.product-type.application";
		};
		D75BE8E51811FDB500E53949 /* CalculateTests */ = {
			isa = PBXNativeTarget;
			buildConfigurationList = D75BE8FA1811FDB600E53949 /* Build configuration list for PBXNativeTarget "CalculateTests" */;
			buildPhases = (
				D75BE8E21811FDB500E53949 /* Sources */,
				D75BE8E31811FDB500E53949 /* Frameworks */,
				D75BE8E41811FDB500E53949 /* Resources */,
			);
			buildRules = (
			);
			dependencies = (
				D75BE8EC1811FDB500E53949 /* PBXTargetDependency */,
			);
			name = CalculateTests;
			productName = CalculateTests;
			productReference = D75BE8E61811FDB500E53949 /* CalculateTests.xctest */;
			productType = "com.apple.product-type.bundle.unit-test";
		};
/* End PBXNativeTarget section */

/* Begin PBXProject section */
		D75BE8BD1811FDB500E53949 /* Project object */ = {
			isa = PBXProject;
			attributes = {
				LastUpgradeCheck = 1250;
				ORGANIZATIONNAME = "Ricardo Pereira";
				TargetAttributes = {
					D75BE8C41811FDB500E53949 = {
						DevelopmentTeam = JC9BAC9Y39;
					};
					D75BE8E51811FDB500E53949 = {
						TestTargetID = D75BE8C41811FDB500E53949;
					};
				};
			};
			buildConfigurationList = D75BE8C01811FDB500E53949 /* Build configuration list for PBXProject "Calculate" */;
			compatibilityVersion = "Xcode 3.2";
			developmentRegion = en;
			hasScannedForEncodings = 0;
			knownRegions = (
				en,
				Base,
			);
			mainGroup = D75BE8BC1811FDB500E53949;
			productRefGroup = D75BE8C61811FDB500E53949 /* Products */;
			projectDirPath = "";
			projectRoot = "";
			targets = (
				D75BE8C41811FDB500E53949 /* Calculate */,
				D75BE8E51811FDB500E53949 /* CalculateTests */,
			);
		};
/* End PBXProject section */

/* Begin PBXResourcesBuildPhase section */
		D75BE8C31811FDB500E53949 /* Resources */ = {
			isa = PBXResourcesBuildPhase;
			buildActionMask = 2147483647;
			files = (
				D7CD3B1618A070EE00BD830B /* CalculatorBill.xib in Resources */,
				D75BE8E11811FDB500E53949 /* Images.xcassets in Resources */,
				D75BE8D31811FDB500E53949 /* InfoPlist.strings in Resources */,
				D75BE8DC1811FDB500E53949 /* Main.storyboard in Resources */,
			);
			runOnlyForDeploymentPostprocessing = 0;
		};
		D75BE8E41811FDB500E53949 /* Resources */ = {
			isa = PBXResourcesBuildPhase;
			buildActionMask = 2147483647;
			files = (
				D75BE8F21811FDB600E53949 /* InfoPlist.strings in Resources */,
			);
			runOnlyForDeploymentPostprocessing = 0;
		};
/* End PBXResourcesBuildPhase section */

/* Begin PBXSourcesBuildPhase section */
		D75BE8C11811FDB500E53949 /* Sources */ = {
			isa = PBXSourcesBuildPhase;
			buildActionMask = 2147483647;
			files = (
				D75BE8D91811FDB500E53949 /* AppDelegate.m in Sources */,
				D74BCEEE189030B4008E19BB /* Operator.m in Sources */,
				D75BE8FF1811FECB00E53949 /* CalculatorViewController.m in Sources */,
				D75BE8D51811FDB500E53949 /* main.m in Sources */,
				D74BCEE818901146008E19BB /* Expression.m in Sources */,
				D75BE9031811FF1D00E53949 /* Calculator.m in Sources */,
				D70AB2ED188F52E400A1B512 /* Fraction.m in Sources */,
				D74BCEEB189016A5008E19BB /* Common.m in Sources */,
			);
			runOnlyForDeploymentPostprocessing = 0;
		};
		D75BE8E21811FDB500E53949 /* Sources */ = {
			isa = PBXSourcesBuildPhase;
			buildActionMask = 2147483647;
			files = (
				D75BE8F41811FDB600E53949 /* CalculateTests.m in Sources */,
			);
			runOnlyForDeploymentPostprocessing = 0;
		};
/* End PBXSourcesBuildPhase section */

/* Begin PBXTargetDependency section */
		D75BE8EC1811FDB500E53949 /* PBXTargetDependency */ = {
			isa = PBXTargetDependency;
			target = D75BE8C41811FDB500E53949 /* Calculate */;
			targetProxy = D75BE8EB1811FDB500E53949 /* PBXContainerItemProxy */;
		};
/* End PBXTargetDependency section */

/* Begin PBXVariantGroup section */
		D75BE8D11811FDB500E53949 /* InfoPlist.strings */ = {
			isa = PBXVariantGroup;
			children = (
				D75BE8D21811FDB500E53949 /* en */,
			);
			name = InfoPlist.strings;
			sourceTree = "<group>";
		};
		D75BE8DA1811FDB500E53949 /* Main.storyboard */ = {
			isa = PBXVariantGroup;
			children = (
				D75BE8DB1811FDB500E53949 /* Base */,
			);
			name = Main.storyboard;
			sourceTree = "<group>";
		};
		D75BE8F01811FDB600E53949 /* InfoPlist.strings */ = {
			isa = PBXVariantGroup;
			children = (
				D75BE8F11811FDB600E53949 /* en */,
			);
			name = InfoPlist.strings;
			sourceTree = "<group>";
		};
/* End PBXVariantGroup section */

/* Begin XCBuildConfiguration section */
		D75BE8F51811FDB600E53949 /* Debug */ = {
			isa = XCBuildConfiguration;
			buildSettings = {
				ALWAYS_SEARCH_USER_PATHS = NO;
				CLANG_CXX_LANGUAGE_STANDARD = "gnu++0x";
				CLANG_CXX_LIBRARY = "libc++";
				CLANG_ENABLE_MODULES = YES;
				CLANG_ENABLE_OBJC_ARC = YES;
				CLANG_WARN_BOOL_CONVERSION = YES;
				CLANG_WARN_CONSTANT_CONVERSION = YES;
				CLANG_WARN_DIRECT_OBJC_ISA_USAGE = YES_ERROR;
				CLANG_WARN_EMPTY_BODY = YES;
				CLANG_WARN_ENUM_CONVERSION = YES;
				CLANG_WARN_INT_CONVERSION = YES;
				CLANG_WARN_OBJC_ROOT_CLASS = YES_ERROR;
				CLANG_WARN__DUPLICATE_METHOD_MATCH = YES;
				"CODE_SIGN_IDENTITY[sdk=iphoneos*]" = "iPhone Developer";
				COPY_PHASE_STRIP = NO;
				GCC_C_LANGUAGE_STANDARD = gnu99;
				GCC_DYNAMIC_NO_PIC = NO;
				GCC_OPTIMIZATION_LEVEL = 0;
				GCC_PREPROCESSOR_DEFINITIONS = (
					"DEBUG=1",
					"$(inherited)",
				);
				GCC_SYMBOLS_PRIVATE_EXTERN = NO;
				GCC_WARN_64_TO_32_BIT_CONVERSION = YES;
				GCC_WARN_ABOUT_RETURN_TYPE = YES_ERROR;
				GCC_WARN_UNDECLARED_SELECTOR = YES;
				GCC_WARN_UNINITIALIZED_AUTOS = YES;
				GCC_WARN_UNUSED_FUNCTION = YES;
				GCC_WARN_UNUSED_VARIABLE = YES;
				IPHONEOS_DEPLOYMENT_TARGET = 7.0;
				ONLY_ACTIVE_ARCH = YES;
				SDKROOT = iphoneos;
				TARGETED_DEVICE_FAMILY = 2;
			};
			name = Debug;
		};
		D75BE8F61811FDB600E53949 /* Release */ = {
			isa = XCBuildConfiguration;
			buildSettings = {
				ALWAYS_SEARCH_USER_PATHS = NO;
				CLANG_CXX_LANGUAGE_STANDARD = "gnu++0x";
				CLANG_CXX_LIBRARY = "libc++";
				CLANG_ENABLE_MODULES = YES;
				CLANG_ENABLE_OBJC_ARC = YES;
				CLANG_WARN_BLOCK_CAPTURE_AUTORELEASING = YES;
				CLANG_WARN_BOOL_CONVERSION = YES;
				CLANG_WARN_COMMA = YES;
				CLANG_WARN_CONSTANT_CONVERSION = YES;
				CLANG_WARN_DEPRECATED_OBJC_IMPLEMENTATIONS = YES;
				CLANG_WARN_DIRECT_OBJC_ISA_USAGE = YES_ERROR;
				CLANG_WARN_EMPTY_BODY = YES;
				CLANG_WARN_ENUM_CONVERSION = YES;
				CLANG_WARN_INFINITE_RECURSION = YES;
				CLANG_WARN_INT_CONVERSION = YES;
				CLANG_WARN_NON_LITERAL_NULL_CONVERSION = YES;
				CLANG_WARN_OBJC_IMPLICIT_RETAIN_SELF = YES;
				CLANG_WARN_OBJC_LITERAL_CONVERSION = YES;
				CLANG_WARN_OBJC_ROOT_CLASS = YES_ERROR;
				CLANG_WARN_QUOTED_INCLUDE_IN_FRAMEWORK_HEADER = YES;
				CLANG_WARN_RANGE_LOOP_ANALYSIS = YES;
				CLANG_WARN_STRICT_PROTOTYPES = YES;
				CLANG_WARN_SUSPICIOUS_MOVE = YES;
				CLANG_WARN_UNREACHABLE_CODE = YES;
				CLANG_WARN__DUPLICATE_METHOD_MATCH = YES;
				"CODE_SIGN_IDENTITY[sdk=iphoneos*]" = "iPhone Developer";
				COPY_PHASE_STRIP = YES;
				ENABLE_NS_ASSERTIONS = NO;
				ENABLE_STRICT_OBJC_MSGSEND = YES;
				GCC_C_LANGUAGE_STANDARD = gnu99;
				GCC_NO_COMMON_BLOCKS = YES;
				GCC_WARN_64_TO_32_BIT_CONVERSION = YES;
				GCC_WARN_ABOUT_RETURN_TYPE = YES_ERROR;
				GCC_WARN_UNDECLARED_SELECTOR = YES;
				GCC_WARN_UNINITIALIZED_AUTOS = YES;
				GCC_WARN_UNUSED_FUNCTION = YES;
				GCC_WARN_UNUSED_VARIABLE = YES;
				IPHONEOS_DEPLOYMENT_TARGET = 12.0;
				SDKROOT = iphoneos;
				TARGETED_DEVICE_FAMILY = 2;
				VALIDATE_PRODUCT = YES;
			};
			name = Release;
		};
		D75BE8F81811FDB600E53949 /* Debug */ = {
			isa = XCBuildConfiguration;
			buildSettings = {
				ASSETCATALOG_COMPILER_APPICON_NAME = AppIcon;
				ASSETCATALOG_COMPILER_LAUNCHIMAGE_NAME = LaunchImage;
				CODE_SIGN_IDENTITY = "iPhone Developer";
				"CODE_SIGN_IDENTITY[sdk=iphoneos*]" = "iPhone Developer";
				FRAMEWORK_SEARCH_PATHS = (
					"$(inherited)",
					"$(PROJECT_DIR)",
				);
				GCC_PRECOMPILE_PREFIX_HEADER = YES;
				GCC_PREFIX_HEADER = "Calculate/Calculate-Prefix.pch";
				INFOPLIST_FILE = "Calculate/Calculate-Info.plist";
				IPHONEOS_DEPLOYMENT_TARGET = 7.0;
				PRODUCT_NAME = "$(TARGET_NAME)";
				PROVISIONING_PROFILE = "";
				SDKROOT = iphoneos;
				WRAPPER_EXTENSION = app;
			};
			name = Debug;
		};
		D75BE8F91811FDB600E53949 /* Release */ = {
			isa = XCBuildConfiguration;
			buildSettings = {
				ASSETCATALOG_COMPILER_APPICON_NAME = AppIcon;
				ASSETCATALOG_COMPILER_LAUNCHIMAGE_NAME = LaunchImage;
				CODE_SIGN_IDENTITY = "iPhone Developer";
				"CODE_SIGN_IDENTITY[sdk=iphoneos*]" = "iPhone Developer";
				FRAMEWORK_SEARCH_PATHS = (
					"$(inherited)",
					"$(PROJECT_DIR)",
				);
				GCC_PRECOMPILE_PREFIX_HEADER = YES;
				GCC_PREFIX_HEADER = "Calculate/Calculate-Prefix.pch";
				INFOPLIST_FILE = "Calculate/Calculate-Info.plist";
				IPHONEOS_DEPLOYMENT_TARGET = 7.0;
				PRODUCT_NAME = "$(TARGET_NAME)";
				PROVISIONING_PROFILE = "";
				SDKROOT = iphoneos;
				WRAPPER_EXTENSION = app;
			};
			name = Release;
		};
		D75BE8FB1811FDB600E53949 /* Debug */ = {
			isa = XCBuildConfiguration;
			buildSettings = {
				BUNDLE_LOADER = "$(BUILT_PRODUCTS_DIR)/Calculate.app/Calculate";
				FRAMEWORK_SEARCH_PATHS = (
					"$(SDKROOT)/Developer/Library/Frameworks",
					"$(inherited)",
					"$(DEVELOPER_FRAMEWORKS_DIR)",
				);
				GCC_PRECOMPILE_PREFIX_HEADER = YES;
				GCC_PREFIX_HEADER = "Calculate/Calculate-Prefix.pch";
				GCC_PREPROCESSOR_DEFINITIONS = (
					"DEBUG=1",
					"$(inherited)",
				);
				INFOPLIST_FILE = "CalculateTests/CalculateTests-Info.plist";
				PRODUCT_NAME = "$(TARGET_NAME)";
				TEST_HOST = "$(BUNDLE_LOADER)";
				WRAPPER_EXTENSION = xctest;
			};
			name = Debug;
		};
		D75BE8FC1811FDB600E53949 /* Release */ = {
			isa = XCBuildConfiguration;
			buildSettings = {
				BUNDLE_LOADER = "$(BUILT_PRODUCTS_DIR)/Calculate.app/Calculate";
				FRAMEWORK_SEARCH_PATHS = (
					"$(SDKROOT)/Developer/Library/Frameworks",
					"$(inherited)",
					"$(DEVELOPER_FRAMEWORKS_DIR)",
				);
				GCC_PRECOMPILE_PREFIX_HEADER = YES;
				GCC_PREFIX_HEADER = "Calculate/Calculate-Prefix.pch";
				INFOPLIST_FILE = "CalculateTests/CalculateTests-Info.plist";
				PRODUCT_NAME = "$(TARGET_NAME)";
				TEST_HOST = "$(BUNDLE_LOADER)";
				WRAPPER_EXTENSION = xctest;
			};
			name = Release;
		};
/* End XCBuildConfiguration section */

/* Begin XCConfigurationList section */
		D75BE8C01811FDB500E53949 /* Build configuration list for PBXProject "Calculate" */ = {
			isa = XCConfigurationList;
			buildConfigurations = (
				D75BE8F51811FDB600E53949 /* Debug */,
				D75BE8F61811FDB600E53949 /* Release */,
			);
			defaultConfigurationIsVisible = 0;
			defaultConfigurationName = Release;
		};
		D75BE8F71811FDB600E53949 /* Build configuration list for PBXNativeTarget "Calculate" */ = {
			isa = XCConfigurationList;
			buildConfigurations = (
				D75BE8F81811FDB600E53949 /* Debug */,
				D75BE8F91811FDB600E53949 /* Release */,
			);
			defaultConfigurationIsVisible = 0;
			defaultConfigurationName = Release;
		};
		D75BE8FA1811FDB600E53949 /* Build configuration list for PBXNativeTarget "CalculateTests" */ = {
			isa = XCConfigurationList;
			buildConfigurations = (
				D75BE8FB1811FDB600E53949 /* Debug */,
				D75BE8FC1811FDB600E53949 /* Release */,
			);
			defaultConfigurationIsVisible = 0;
			defaultConfigurationName = Release;
		};
/* End XCConfigurationList section */
	};
	rootObject = D75BE8BD1811FDB500E53949 /* Project object */;
}
